
Microsoft Visual Studio Solution File, Format Version 12.00
# Visual Studio 15
VisualStudioVersion = 15.0.27703.2035
MinimumVisualStudioVersion = 10.0.40219.1
Project("{FAE04EC0-301F-11D3-BF4B-00C04F79EFBC}") = "13NET_Bot", "13NET_Bot\13NET_Bot.csproj", "{BFB94E82-D7D5-4F7E-91F7-69DFA8ADE33A}"
EndProject
Global
	GlobalSection(SolutionConfigurationPlatforms) = preSolution
		Debug|Any CPU = Debug|Any CPU
		Release|Any CPU = Release|Any CPU
	EndGlobalSection
	GlobalSection(ProjectConfigurationPlatforms) = postSolution
		{BFB94E82-D7D5-4F7E-91F7-69DFA8ADE33A}.Debug|Any CPU.ActiveCfg = Debug|Any CPU
		{BFB94E82-D7D5-4F7E-91F7-69DFA8ADE33A}.Debug|Any CPU.Build.0 = Debug|Any CPU
		{BFB94E82-D7D5-4F7E-91F7-69DFA8ADE33A}.Release|Any CPU.ActiveCfg = Release|Any CPU
		{BFB94E82-D7D5-4F7E-91F7-69DFA8ADE33A}.Release|Any CPU.Build.0 = Release|Any CPU
	EndGlobalSection
	GlobalSection(SolutionProperties) = preSolution
		HideSolutionNode = FALSE
	EndGlobalSection
	GlobalSection(ExtensibilityGlobals) = postSolution
		SolutionGuid = {7B4D24E9-6FF2-4F8C-8C55-A3A4E484AEAF}
	EndGlobalSection
EndGlobal
